
Microsoft Visual Studio Solution File, Format Version 12.00
# Visual Studio Version 17
VisualStudioVersion = 17.12.35527.113
MinimumVisualStudioVersion = 10.0.40219.1
Project("{2150E333-8FDC-42A3-9474-1A3956D46DE8}") = "src", "src", "{123C2C98-7F4F-4944-B784-FCD5CFB4F6A0}"
EndProject
Project("{2150E333-8FDC-42A3-9474-1A3956D46DE8}") = "Core", "Core", "{644B253D-7157-4CEB-B149-C3446E9F00B7}"
EndProject
Project("{FAE04EC0-301F-11D3-BF4B-00C04F79EFBC}") = "IMS.Domain", "src\Core\IMS.Domain\IMS.Domain.csproj", "{6046452B-FE09-4545-ABDA-F587B71EEF40}"
EndProject
Project("{FAE04EC0-301F-11D3-BF4B-00C04F79EFBC}") = "IMS.Application", "src\Core\IMS.Application\IMS.Application.csproj", "{A6214259-2106-4735-95AF-43F7D5BE94B4}"
EndProject
Project("{2150E333-8FDC-42A3-9474-1A3956D46DE8}") = "Infrastructure", "Infrastructure", "{9BBF4019-1D1E-471F-A965-A2E34E8072AB}"
EndProject
Project("{FAE04EC0-301F-11D3-BF4B-00C04F79EFBC}") = "IMS.Infrastructure", "src\Infrastructure\IMS.Infrastructure\IMS.Infrastructure.csproj", "{2898E37C-0336-4622-B9FD-106B763086B2}"
EndProject
Project("{2150E333-8FDC-42A3-9474-1A3956D46DE8}") = "tests", "tests", "{E4535D7D-BD5C-4114-BFF1-B8E75C929A06}"
EndProject
Project("{FAE04EC0-301F-11D3-BF4B-00C04F79EFBC}") = "IMS.UnitTests", "tests\IMS.UnitTests\IMS.UnitTests.csproj", "{7DAA3A64-9C99-4951-9E4F-4F7ED14A04B8}"
EndProject
Project("{FAE04EC0-301F-11D3-BF4B-00C04F79EFBC}") = "IMS.ArchitectureTests", "tests\IMS.ArchitectureTests\IMS.ArchitectureTests.csproj", "{EFA3586E-F08C-46A9-9AC8-962539632AD2}"
EndProject
Project("{FAE04EC0-301F-11D3-BF4B-00C04F79EFBC}") = "IMS.IntegrationTests", "tests\IMS.IntegrationTests\IMS.IntegrationTests.csproj", "{C950F5D2-05EF-4A16-9187-73C4E75D6C4C}"
EndProject
Project("{2150E333-8FDC-42A3-9474-1A3956D46DE8}") = "Presentation", "Presentation", "{B9EEF099-A5DF-4B50-83F1-0EA6B1890D8C}"
EndProject
Project("{FAE04EC0-301F-11D3-BF4B-00C04F79EFBC}") = "IMS.App", "src\Presentation\IMS.App\IMS.App.csproj", "{6EB7568A-7C2A-4B31-B0F2-2E8B9B1E813B}"
EndProject
Global
	GlobalSection(SolutionConfigurationPlatforms) = preSolution
		Debug|Any CPU = Debug|Any CPU
		Release|Any CPU = Release|Any CPU
	EndGlobalSection
	GlobalSection(ProjectConfigurationPlatforms) = postSolution
		{6046452B-FE09-4545-ABDA-F587B71EEF40}.Debug|Any CPU.ActiveCfg = Debug|Any CPU
		{6046452B-FE09-4545-ABDA-F587B71EEF40}.Debug|Any CPU.Build.0 = Debug|Any CPU
		{6046452B-FE09-4545-ABDA-F587B71EEF40}.Release|Any CPU.ActiveCfg = Release|Any CPU
		{6046452B-FE09-4545-ABDA-F587B71EEF40}.Release|Any CPU.Build.0 = Release|Any CPU
		{A6214259-2106-4735-95AF-43F7D5BE94B4}.Debug|Any CPU.ActiveCfg = Debug|Any CPU
		{A6214259-2106-4735-95AF-43F7D5BE94B4}.Debug|Any CPU.Build.0 = Debug|Any CPU
		{A6214259-2106-4735-95AF-43F7D5BE94B4}.Release|Any CPU.ActiveCfg = Release|Any CPU
		{A6214259-2106-4735-95AF-43F7D5BE94B4}.Release|Any CPU.Build.0 = Release|Any CPU
		{2898E37C-0336-4622-B9FD-106B763086B2}.Debug|Any CPU.ActiveCfg = Debug|Any CPU
		{2898E37C-0336-4622-B9FD-106B763086B2}.Debug|Any CPU.Build.0 = Debug|Any CPU
		{2898E37C-0336-4622-B9FD-106B763086B2}.Release|Any CPU.ActiveCfg = Release|Any CPU
		{2898E37C-0336-4622-B9FD-106B763086B2}.Release|Any CPU.Build.0 = Release|Any CPU
		{7DAA3A64-9C99-4951-9E4F-4F7ED14A04B8}.Debug|Any CPU.ActiveCfg = Debug|Any CPU
		{7DAA3A64-9C99-4951-9E4F-4F7ED14A04B8}.Debug|Any CPU.Build.0 = Debug|Any CPU
		{7DAA3A64-9C99-4951-9E4F-4F7ED14A04B8}.Release|Any CPU.ActiveCfg = Release|Any CPU
		{7DAA3A64-9C99-4951-9E4F-4F7ED14A04B8}.Release|Any CPU.Build.0 = Release|Any CPU
		{EFA3586E-F08C-46A9-9AC8-962539632AD2}.Debug|Any CPU.ActiveCfg = Debug|Any CPU
		{EFA3586E-F08C-46A9-9AC8-962539632AD2}.Debug|Any CPU.Build.0 = Debug|Any CPU
		{EFA3586E-F08C-46A9-9AC8-962539632AD2}.Release|Any CPU.ActiveCfg = Release|Any CPU
		{EFA3586E-F08C-46A9-9AC8-962539632AD2}.Release|Any CPU.Build.0 = Release|Any CPU
		{C950F5D2-05EF-4A16-9187-73C4E75D6C4C}.Debug|Any CPU.ActiveCfg = Debug|Any CPU
		{C950F5D2-05EF-4A16-9187-73C4E75D6C4C}.Debug|Any CPU.Build.0 = Debug|Any CPU
		{C950F5D2-05EF-4A16-9187-73C4E75D6C4C}.Release|Any CPU.ActiveCfg = Release|Any CPU
		{C950F5D2-05EF-4A16-9187-73C4E75D6C4C}.Release|Any CPU.Build.0 = Release|Any CPU
		{6EB7568A-7C2A-4B31-B0F2-2E8B9B1E813B}.Debug|Any CPU.ActiveCfg = Debug|Any CPU
		{6EB7568A-7C2A-4B31-B0F2-2E8B9B1E813B}.Debug|Any CPU.Build.0 = Debug|Any CPU
		{6EB7568A-7C2A-4B31-B0F2-2E8B9B1E813B}.Release|Any CPU.ActiveCfg = Release|Any CPU
		{6EB7568A-7C2A-4B31-B0F2-2E8B9B1E813B}.Release|Any CPU.Build.0 = Release|Any CPU
	EndGlobalSection
	GlobalSection(SolutionProperties) = preSolution
		HideSolutionNode = FALSE
	EndGlobalSection
	GlobalSection(NestedProjects) = preSolution
		{644B253D-7157-4CEB-B149-C3446E9F00B7} = {123C2C98-7F4F-4944-B784-FCD5CFB4F6A0}
		{6046452B-FE09-4545-ABDA-F587B71EEF40} = {644B253D-7157-4CEB-B149-C3446E9F00B7}
		{A6214259-2106-4735-95AF-43F7D5BE94B4} = {644B253D-7157-4CEB-B149-C3446E9F00B7}
		{9BBF4019-1D1E-471F-A965-A2E34E8072AB} = {123C2C98-7F4F-4944-B784-FCD5CFB4F6A0}
		{2898E37C-0336-4622-B9FD-106B763086B2} = {9BBF4019-1D1E-471F-A965-A2E34E8072AB}
		{7DAA3A64-9C99-4951-9E4F-4F7ED14A04B8} = {E4535D7D-BD5C-4114-BFF1-B8E75C929A06}
		{EFA3586E-F08C-46A9-9AC8-962539632AD2} = {E4535D7D-BD5C-4114-BFF1-B8E75C929A06}
		{C950F5D2-05EF-4A16-9187-73C4E75D6C4C} = {E4535D7D-BD5C-4114-BFF1-B8E75C929A06}
		{B9EEF099-A5DF-4B50-83F1-0EA6B1890D8C} = {123C2C98-7F4F-4944-B784-FCD5CFB4F6A0}
		{6EB7568A-7C2A-4B31-B0F2-2E8B9B1E813B} = {B9EEF099-A5DF-4B50-83F1-0EA6B1890D8C}
	EndGlobalSection
EndGlobal
